<Solution>
  <Folder Name="/Console/">
    <Project Path="AdvancedPatterns/AdvancedPatterns.csproj" />
    <Project Path="LanguageFeatures/LanguageFeatures.csproj" />
    <Project Path="Net10Features/Net10Features.csproj" />
  </Folder>
  <Folder Name="/Web/">
    <Project Path="AdvancedWebApi/AdvancedWebApi.csproj" />
  </Folder>
</Solution>
